
Microsoft Visual Studio Solution File, Format Version 12.00
# Visual Studio Version 16
VisualStudioVersion = 16.0.30104.148
MinimumVisualStudioVersion = 10.0.40219.1
Project("{8BC9CEB8-8B4A-11D0-8D11-00A0C91BC942}") = "forward_feed_example_oop", "forward_feed_example_oop\forward_feed_example_oop.vcxproj", "{6DB79E35-E356-46BF-80EA-2BB5294B4923}"
EndProject
Global
	GlobalSection(SolutionConfigurationPlatforms) = preSolution
		Debug|x64 = Debug|x64
		Debug|x86 = Debug|x86
		Release|x64 = Release|x64
		Release|x86 = Release|x86
	EndGlobalSection
	GlobalSection(ProjectConfigurationPlatforms) = postSolution
		{6DB79E35-E356-46BF-80EA-2BB5294B4923}.Debug|x64.ActiveCfg = Debug|x64
		{6DB79E35-E356-46BF-80EA-2BB5294B4923}.Debug|x64.Build.0 = Debug|x64
		{6DB79E35-E356-46BF-80EA-2BB5294B4923}.Debug|x86.ActiveCfg = Debug|Win32
		{6DB79E35-E356-46BF-80EA-2BB5294B4923}.Debug|x86.Build.0 = Debug|Win32
		{6DB79E35-E356-46BF-80EA-2BB5294B4923}.Release|x64.ActiveCfg = Release|x64
		{6DB79E35-E356-46BF-80EA-2BB5294B4923}.Release|x64.Build.0 = Release|x64
		{6DB79E35-E356-46BF-80EA-2BB5294B4923}.Release|x86.ActiveCfg = Release|Win32
		{6DB79E35-E356-46BF-80EA-2BB5294B4923}.Release|x86.Build.0 = Release|Win32
	EndGlobalSection
	GlobalSection(SolutionProperties) = preSolution
		HideSolutionNode = FALSE
	EndGlobalSection
	GlobalSection(ExtensibilityGlobals) = postSolution
		SolutionGuid = {B9027507-E13D-4B44-B9DE-7E046A737264}
	EndGlobalSection
EndGlobal
